// !$*UTF8*$!
{
	archiveVersion = 1;
	classes = {
	};
	objectVersion = 55;
	objects = {

/* Begin PBXBuildFile section */
		3600335627EDF14700050F69 /* DisplaySingleUserDataViewController.swift in Sources */ = {isa = PBXBuildFile; fileRef = 3600335527EDF14700050F69 /* DisplaySingleUserDataViewController.swift */; };
		360EFA5327CE016600CA1146 /* PageViewController.swift in Sources */ = {isa = PBXBuildFile; fileRef = 360EFA5227CE016600CA1146 /* PageViewController.swift */; };
		360EFA5527CE02A100CA1146 /* UIComponentsSignUpViewController.swift in Sources */ = {isa = PBXBuildFile; fileRef = 360EFA5427CE02A100CA1146 /* UIComponentsSignUpViewController.swift */; };
		360EFA5727CE02B700CA1146 /* UIComponentsLoginViewController.swift in Sources */ = {isa = PBXBuildFile; fileRef = 360EFA5627CE02B700CA1146 /* UIComponentsLoginViewController.swift */; };
		36276EB2281A884800E0DC3C /* KeyboardFunctions.swift in Sources */ = {isa = PBXBuildFile; fileRef = 36276EB1281A884800E0DC3C /* KeyboardFunctions.swift */; };
		36307614278C619200818C8A /* AppDelegate.swift in Sources */ = {isa = PBXBuildFile; fileRef = 36307613278C619200818C8A /* AppDelegate.swift */; };
		36307616278C619200818C8A /* SceneDelegate.swift in Sources */ = {isa = PBXBuildFile; fileRef = 36307615278C619200818C8A /* SceneDelegate.swift */; };
		36307618278C619200818C8A /* ViewController.swift in Sources */ = {isa = PBXBuildFile; fileRef = 36307617278C619200818C8A /* ViewController.swift */; };
		3630761B278C619200818C8A /* Main.storyboard in Resources */ = {isa = PBXBuildFile; fileRef = 36307619278C619200818C8A /* Main.storyboard */; };
		3630761D278C619400818C8A /* Assets.xcassets in Resources */ = {isa = PBXBuildFile; fileRef = 3630761C278C619400818C8A /* Assets.xcassets */; };
		36307620278C619400818C8A /* LaunchScreen.storyboard in Resources */ = {isa = PBXBuildFile; fileRef = 3630761E278C619400818C8A /* LaunchScreen.storyboard */; };
		364969BD27ECA00200B869E0 /* APIStoryBoards.storyboard in Resources */ = {isa = PBXBuildFile; fileRef = 364969BC27ECA00200B869E0 /* APIStoryBoards.storyboard */; };
		364969BF27ECA11100B869E0 /* LoginScreenWithApiCallViewController.swift in Sources */ = {isa = PBXBuildFile; fileRef = 364969BE27ECA11100B869E0 /* LoginScreenWithApiCallViewController.swift */; };
		364969C127ECA1DC00B869E0 /* AuthenticationCoordinator.swift in Sources */ = {isa = PBXBuildFile; fileRef = 364969C027ECA1DC00B869E0 /* AuthenticationCoordinator.swift */; };
		3655858F27CF436E00963987 /* IndexTableViewCell.swift in Sources */ = {isa = PBXBuildFile; fileRef = 3655858D27CF436E00963987 /* IndexTableViewCell.swift */; };
		3655859027CF436E00963987 /* IndexTableViewCell.xib in Resources */ = {isa = PBXBuildFile; fileRef = 3655858E27CF436E00963987 /* IndexTableViewCell.xib */; };
		3658DC4527F16DF5008A733C /* UserLogin.swift in Sources */ = {isa = PBXBuildFile; fileRef = 3658DC4427F16DF5008A733C /* UserLogin.swift */; };
		3658DC4727F16EA4008A733C /* ListOfUser.swift in Sources */ = {isa = PBXBuildFile; fileRef = 3658DC4627F16EA4008A733C /* ListOfUser.swift */; };
		3658DC4927F16F04008A733C /* SingleUser.swift in Sources */ = {isa = PBXBuildFile; fileRef = 3658DC4827F16F03008A733C /* SingleUser.swift */; };
		36610CD627D1FBDA0074F233 /* StackViewController.swift in Sources */ = {isa = PBXBuildFile; fileRef = 36610CD527D1FBDA0074F233 /* StackViewController.swift */; };
		366DFBF027C7C070004E8B62 /* LoginPageViewController.swift in Sources */ = {isa = PBXBuildFile; fileRef = 366DFBEF27C7C070004E8B62 /* LoginPageViewController.swift */; };
		366DFBF227C7C080004E8B62 /* SignUpPageViewController.swift in Sources */ = {isa = PBXBuildFile; fileRef = 366DFBF127C7C080004E8B62 /* SignUpPageViewController.swift */; };
		366DFBF427C7C2C5004E8B62 /* BasicAutoLayoutStoryBoard.storyboard in Resources */ = {isa = PBXBuildFile; fileRef = 366DFBF327C7C2C5004E8B62 /* BasicAutoLayoutStoryBoard.storyboard */; };
		3673403F2807FAC800359101 /* UserListViewController.swift in Sources */ = {isa = PBXBuildFile; fileRef = 3673403E2807FAC800359101 /* UserListViewController.swift */; };
		367340412807FBC500359101 /* UserListViewModel.swift in Sources */ = {isa = PBXBuildFile; fileRef = 367340402807FBC500359101 /* UserListViewModel.swift */; };
		367340432808165000359101 /* Alerts.swift in Sources */ = {isa = PBXBuildFile; fileRef = 367340422808165000359101 /* Alerts.swift */; };
		3678529027ED73CF007FB900 /* TableViewWithApiCallViewController.swift in Sources */ = {isa = PBXBuildFile; fileRef = 3678528F27ED73CF007FB900 /* TableViewWithApiCallViewController.swift */; };
		3680CCA827F42A5F00B10C2C /* AlamofireRequest.swift in Sources */ = {isa = PBXBuildFile; fileRef = 3680CCA727F42A5F00B10C2C /* AlamofireRequest.swift */; };
		3681A6C027D0CC7800F47997 /* WebViewController.swift in Sources */ = {isa = PBXBuildFile; fileRef = 3681A6BF27D0CC7800F47997 /* WebViewController.swift */; };
		3681A6C227D0D66B00F47997 /* PickerViewController.swift in Sources */ = {isa = PBXBuildFile; fileRef = 3681A6C127D0D66B00F47997 /* PickerViewController.swift */; };
		368A5CD02806C7AC00712DF1 /* ArchitectureStoryBoard.storyboard in Resources */ = {isa = PBXBuildFile; fileRef = 368A5CCF2806C7AC00712DF1 /* ArchitectureStoryBoard.storyboard */; };
		368A5CD22806C7E700712DF1 /* ArchitectureViewController.swift in Sources */ = {isa = PBXBuildFile; fileRef = 368A5CD12806C7E700712DF1 /* ArchitectureViewController.swift */; };
		368A5CD42806C9AF00712DF1 /* ArchitectureCoordinator.swift in Sources */ = {isa = PBXBuildFile; fileRef = 368A5CD32806C9AF00712DF1 /* ArchitectureCoordinator.swift */; };
		368A5CD62806CAC400712DF1 /* MVPStoryBoard.storyboard in Resources */ = {isa = PBXBuildFile; fileRef = 368A5CD52806CAC400712DF1 /* MVPStoryBoard.storyboard */; };
		368A5CDB2806CF5F00712DF1 /* MVVMStoryboard.storyboard in Resources */ = {isa = PBXBuildFile; fileRef = 368A5CDA2806CF5F00712DF1 /* MVVMStoryboard.storyboard */; };
		368A5CDD2806CFDA00712DF1 /* MVVMLoginViewController.swift in Sources */ = {isa = PBXBuildFile; fileRef = 368A5CDC2806CFDA00712DF1 /* MVVMLoginViewController.swift */; };
		368A5CDF2806D0A000712DF1 /* LoginViewModel.swift in Sources */ = {isa = PBXBuildFile; fileRef = 368A5CDE2806D0A000712DF1 /* LoginViewModel.swift */; };
		368A5CE12806E1E500712DF1 /* UserDefault.swift in Sources */ = {isa = PBXBuildFile; fileRef = 368A5CE02806E1E500712DF1 /* UserDefault.swift */; };
		368BDFFF280E8D600089B7C5 /* Declaration.swift in Sources */ = {isa = PBXBuildFile; fileRef = 368BDFFE280E8D600089B7C5 /* Declaration.swift */; };
		369CC0A027D747E200341901 /* CustomTextField.swift in Sources */ = {isa = PBXBuildFile; fileRef = 369CC09F27D747E200341901 /* CustomTextField.swift */; };
		36AB7BA627CF64B000545AF7 /* UIComponentsStoryboard.storyboard in Resources */ = {isa = PBXBuildFile; fileRef = 36AB7BA527CF64AF00545AF7 /* UIComponentsStoryboard.storyboard */; };
		36AB7BAA27CF834500545AF7 /* TableViewController.swift in Sources */ = {isa = PBXBuildFile; fileRef = 36AB7BA927CF834500545AF7 /* TableViewController.swift */; };
		36B5C65C27DB218300C882A9 /* Navigation.storyboard in Resources */ = {isa = PBXBuildFile; fileRef = 36B5C65B27DB218300C882A9 /* Navigation.storyboard */; };
		36B5C65F27DB229600C882A9 /* MainCoordinator.swift in Sources */ = {isa = PBXBuildFile; fileRef = 36B5C65E27DB229600C882A9 /* MainCoordinator.swift */; };
		36B5C66127DB22A500C882A9 /* AppCoordinator.swift in Sources */ = {isa = PBXBuildFile; fileRef = 36B5C66027DB22A500C882A9 /* AppCoordinator.swift */; };
		36B5C66327DB22B100C882A9 /* Coordinator.swift in Sources */ = {isa = PBXBuildFile; fileRef = 36B5C66227DB22B100C882A9 /* Coordinator.swift */; };
		36B5C66527DB260C00C882A9 /* FirstViewController.swift in Sources */ = {isa = PBXBuildFile; fileRef = 36B5C66427DB260C00C882A9 /* FirstViewController.swift */; };
		36B5C66727DB263F00C882A9 /* FirstViewControllerCoordinator.swift in Sources */ = {isa = PBXBuildFile; fileRef = 36B5C66627DB263F00C882A9 /* FirstViewControllerCoordinator.swift */; };
		36B5C66927DB287900C882A9 /* SecondViewController.swift in Sources */ = {isa = PBXBuildFile; fileRef = 36B5C66827DB287900C882A9 /* SecondViewController.swift */; };
		36B5C66B27DB28EB00C882A9 /*  SecondViewControllerCoordinator.swift in Sources */ = {isa = PBXBuildFile; fileRef = 36B5C66A27DB28EB00C882A9 /*  SecondViewControllerCoordinator.swift */; };
		36B5C66D27DB357100C882A9 /* ThirdViewController.swift in Sources */ = {isa = PBXBuildFile; fileRef = 36B5C66C27DB357100C882A9 /* ThirdViewController.swift */; };
		36B5C66F27DB358400C882A9 /* ThirdViewControllerCoordinator.swift in Sources */ = {isa = PBXBuildFile; fileRef = 36B5C66E27DB358400C882A9 /* ThirdViewControllerCoordinator.swift */; };
		36B5C67127DB388E00C882A9 /* ForthViewController.swift in Sources */ = {isa = PBXBuildFile; fileRef = 36B5C67027DB388E00C882A9 /* ForthViewController.swift */; };
		36B5C67727DB453300C882A9 /* ForthViewControllerCoordinator.swift in Sources */ = {isa = PBXBuildFile; fileRef = 36B5C67627DB453300C882A9 /* ForthViewControllerCoordinator.swift */; };
		36B5C67927DB47B800C882A9 /* FifthViewController.swift in Sources */ = {isa = PBXBuildFile; fileRef = 36B5C67827DB47B800C882A9 /* FifthViewController.swift */; };
		36B7E95E27F4132F00DDDB1F /* Storyboarded.swift in Sources */ = {isa = PBXBuildFile; fileRef = 36B7E95D27F4132F00DDDB1F /* Storyboarded.swift */; };
		36BE21BE27F30254007DCB7E /* RSSFeedViewController.swift in Sources */ = {isa = PBXBuildFile; fileRef = 36BE21BD27F30254007DCB7E /* RSSFeedViewController.swift */; };
		36BE21C127F3141B007DCB7E /* RSSTableViewCell.swift in Sources */ = {isa = PBXBuildFile; fileRef = 36BE21BF27F3141B007DCB7E /* RSSTableViewCell.swift */; };
		36BE21C227F3141B007DCB7E /* RSSTableViewCell.xib in Resources */ = {isa = PBXBuildFile; fileRef = 36BE21C027F3141B007DCB7E /* RSSTableViewCell.xib */; };
		36BE21C427F3210F007DCB7E /* RSSData.swift in Sources */ = {isa = PBXBuildFile; fileRef = 36BE21C327F3210F007DCB7E /* RSSData.swift */; };
		36CB6B8927CE54E500F33748 /* AllComponentsViewController.swift in Sources */ = {isa = PBXBuildFile; fileRef = 36CB6B8827CE54E500F33748 /* AllComponentsViewController.swift */; };
		36CB78E527D615FE00843FFE /* AboutiOS.pdf in Resources */ = {isa = PBXBuildFile; fileRef = 36CB78E427D615FE00843FFE /* AboutiOS.pdf */; };
		36CB78E827D61AC500843FFE /* Constants.swift in Sources */ = {isa = PBXBuildFile; fileRef = 36CB78E727D61AC500843FFE /* Constants.swift */; };
		36CFFE54280559D9008267F3 /* MVCStoryboard.storyboard in Resources */ = {isa = PBXBuildFile; fileRef = 36CFFE53280559D9008267F3 /* MVCStoryboard.storyboard */; };
		36CFFE56280559F7008267F3 /* MVCViewController.swift in Sources */ = {isa = PBXBuildFile; fileRef = 36CFFE55280559F7008267F3 /* MVCViewController.swift */; };
		36CFFE5828055E8C008267F3 /* DataModel.swift in Sources */ = {isa = PBXBuildFile; fileRef = 36CFFE5728055E8C008267F3 /* DataModel.swift */; };
		36CFFE5F2805966C008267F3 /* LoginPresenter.swift in Sources */ = {isa = PBXBuildFile; fileRef = 36CFFE5E2805966C008267F3 /* LoginPresenter.swift */; };
		36CFFE612805972E008267F3 /* LoginViewController.swift in Sources */ = {isa = PBXBuildFile; fileRef = 36CFFE602805972E008267F3 /* LoginViewController.swift */; };
		36FBDF7F27CFC4DA00064433 /* CollectionViewController.swift in Sources */ = {isa = PBXBuildFile; fileRef = 36FBDF7E27CFC4DA00064433 /* CollectionViewController.swift */; };
		36FBDF8127CFC53000064433 /* MyCollectionViewCell.swift in Sources */ = {isa = PBXBuildFile; fileRef = 36FBDF8027CFC53000064433 /* MyCollectionViewCell.swift */; };
		6BB9E87C20B150257CA7B16F /* Pods_iOSPracticals.framework in Frameworks */ = {isa = PBXBuildFile; fileRef = 86DB2A32C31F296AA684323D /* Pods_iOSPracticals.framework */; };
/* End PBXBuildFile section */

/* Begin PBXFileReference section */
		3600335527EDF14700050F69 /* DisplaySingleUserDataViewController.swift */ = {isa = PBXFileReference; lastKnownFileType = sourcecode.swift; path = DisplaySingleUserDataViewController.swift; sourceTree = "<group>"; };
		360EFA5227CE016600CA1146 /* PageViewController.swift */ = {isa = PBXFileReference; lastKnownFileType = sourcecode.swift; path = PageViewController.swift; sourceTree = "<group>"; };
		360EFA5427CE02A100CA1146 /* UIComponentsSignUpViewController.swift */ = {isa = PBXFileReference; lastKnownFileType = sourcecode.swift; path = UIComponentsSignUpViewController.swift; sourceTree = "<group>"; };
		360EFA5627CE02B700CA1146 /* UIComponentsLoginViewController.swift */ = {isa = PBXFileReference; lastKnownFileType = sourcecode.swift; path = UIComponentsLoginViewController.swift; sourceTree = "<group>"; };
		36276EB1281A884800E0DC3C /* KeyboardFunctions.swift */ = {isa = PBXFileReference; fileEncoding = 4; lastKnownFileType = sourcecode.swift; path = KeyboardFunctions.swift; sourceTree = "<group>"; };
		36307610278C619200818C8A /* iOSPracticals.app */ = {isa = PBXFileReference; explicitFileType = wrapper.application; includeInIndex = 0; path = iOSPracticals.app; sourceTree = BUILT_PRODUCTS_DIR; };
		36307613278C619200818C8A /* AppDelegate.swift */ = {isa = PBXFileReference; lastKnownFileType = sourcecode.swift; path = AppDelegate.swift; sourceTree = "<group>"; };
		36307615278C619200818C8A /* SceneDelegate.swift */ = {isa = PBXFileReference; lastKnownFileType = sourcecode.swift; path = SceneDelegate.swift; sourceTree = "<group>"; };
		36307617278C619200818C8A /* ViewController.swift */ = {isa = PBXFileReference; lastKnownFileType = sourcecode.swift; path = ViewController.swift; sourceTree = "<group>"; };
		3630761A278C619200818C8A /* Base */ = {isa = PBXFileReference; lastKnownFileType = file.storyboard; name = Base; path = Base.lproj/Main.storyboard; sourceTree = "<group>"; };
		3630761C278C619400818C8A /* Assets.xcassets */ = {isa = PBXFileReference; lastKnownFileType = folder.assetcatalog; path = Assets.xcassets; sourceTree = "<group>"; };
		3630761F278C619400818C8A /* Base */ = {isa = PBXFileReference; lastKnownFileType = file.storyboard; name = Base; path = Base.lproj/LaunchScreen.storyboard; sourceTree = "<group>"; };
		36307621278C619400818C8A /* Info.plist */ = {isa = PBXFileReference; lastKnownFileType = text.plist.xml; path = Info.plist; sourceTree = "<group>"; };
		364969BC27ECA00200B869E0 /* APIStoryBoards.storyboard */ = {isa = PBXFileReference; lastKnownFileType = file.storyboard; path = APIStoryBoards.storyboard; sourceTree = "<group>"; };
		364969BE27ECA11100B869E0 /* LoginScreenWithApiCallViewController.swift */ = {isa = PBXFileReference; lastKnownFileType = sourcecode.swift; path = LoginScreenWithApiCallViewController.swift; sourceTree = "<group>"; };
		364969C027ECA1DC00B869E0 /* AuthenticationCoordinator.swift */ = {isa = PBXFileReference; lastKnownFileType = sourcecode.swift; path = AuthenticationCoordinator.swift; sourceTree = "<group>"; };
		3655858D27CF436E00963987 /* IndexTableViewCell.swift */ = {isa = PBXFileReference; lastKnownFileType = sourcecode.swift; path = IndexTableViewCell.swift; sourceTree = "<group>"; };
		3655858E27CF436E00963987 /* IndexTableViewCell.xib */ = {isa = PBXFileReference; lastKnownFileType = file.xib; path = IndexTableViewCell.xib; sourceTree = "<group>"; };
		3658DC4427F16DF5008A733C /* UserLogin.swift */ = {isa = PBXFileReference; lastKnownFileType = sourcecode.swift; path = UserLogin.swift; sourceTree = "<group>"; };
		3658DC4627F16EA4008A733C /* ListOfUser.swift */ = {isa = PBXFileReference; lastKnownFileType = sourcecode.swift; path = ListOfUser.swift; sourceTree = "<group>"; };
		3658DC4827F16F03008A733C /* SingleUser.swift */ = {isa = PBXFileReference; lastKnownFileType = sourcecode.swift; path = SingleUser.swift; sourceTree = "<group>"; };
		36610CD527D1FBDA0074F233 /* StackViewController.swift */ = {isa = PBXFileReference; lastKnownFileType = sourcecode.swift; path = StackViewController.swift; sourceTree = "<group>"; };
		366CC22727959DD800E53C07 /* Variables.playground */ = {isa = PBXFileReference; lastKnownFileType = file.playground; path = Variables.playground; sourceTree = "<group>"; xcLanguageSpecificationIdentifier = xcode.lang.swift; };
		366CC22927959E2500E53C07 /* Operators.playground */ = {isa = PBXFileReference; lastKnownFileType = file.playground; path = Operators.playground; sourceTree = "<group>"; xcLanguageSpecificationIdentifier = xcode.lang.swift; };
		366CC22A2795A4E500E53C07 /* Working_with_Text .playground */ = {isa = PBXFileReference; lastKnownFileType = file.playground; path = "Working_with_Text .playground"; sourceTree = "<group>"; xcLanguageSpecificationIdentifier = xcode.lang.swift; };
		366CC22B2795A51E00E53C07 /* Control_Flow.playground */ = {isa = PBXFileReference; lastKnownFileType = file.playground; path = Control_Flow.playground; sourceTree = "<group>"; xcLanguageSpecificationIdentifier = xcode.lang.swift; };
		366CC22C2795A5A700E53C07 /* Arrays.playground */ = {isa = PBXFileReference; lastKnownFileType = file.playground; path = Arrays.playground; sourceTree = "<group>"; xcLanguageSpecificationIdentifier = xcode.lang.swift; };
		366DFBEF27C7C070004E8B62 /* LoginPageViewController.swift */ = {isa = PBXFileReference; lastKnownFileType = sourcecode.swift; path = LoginPageViewController.swift; sourceTree = "<group>"; };
		366DFBF127C7C080004E8B62 /* SignUpPageViewController.swift */ = {isa = PBXFileReference; lastKnownFileType = sourcecode.swift; path = SignUpPageViewController.swift; sourceTree = "<group>"; };
		366DFBF327C7C2C5004E8B62 /* BasicAutoLayoutStoryBoard.storyboard */ = {isa = PBXFileReference; lastKnownFileType = file.storyboard; path = BasicAutoLayoutStoryBoard.storyboard; sourceTree = "<group>"; };
		3673403E2807FAC800359101 /* UserListViewController.swift */ = {isa = PBXFileReference; lastKnownFileType = sourcecode.swift; path = UserListViewController.swift; sourceTree = "<group>"; };
		367340402807FBC500359101 /* UserListViewModel.swift */ = {isa = PBXFileReference; lastKnownFileType = sourcecode.swift; path = UserListViewModel.swift; sourceTree = "<group>"; };
		367340422808165000359101 /* Alerts.swift */ = {isa = PBXFileReference; lastKnownFileType = sourcecode.swift; path = Alerts.swift; sourceTree = "<group>"; };
		3678528F27ED73CF007FB900 /* TableViewWithApiCallViewController.swift */ = {isa = PBXFileReference; lastKnownFileType = sourcecode.swift; path = TableViewWithApiCallViewController.swift; sourceTree = "<group>"; };
		367BF46C27A3FF670048E913 /* ErrorHandlingAndExtensions.playground */ = {isa = PBXFileReference; lastKnownFileType = file.playground; path = ErrorHandlingAndExtensions.playground; sourceTree = "<group>"; xcLanguageSpecificationIdentifier = xcode.lang.swift; };
		367BF46D27A400360048E913 /* ProtocolsAndGenerics.playground */ = {isa = PBXFileReference; lastKnownFileType = file.playground; path = ProtocolsAndGenerics.playground; sourceTree = "<group>"; xcLanguageSpecificationIdentifier = xcode.lang.swift; };
		3680CCA727F42A5F00B10C2C /* AlamofireRequest.swift */ = {isa = PBXFileReference; lastKnownFileType = sourcecode.swift; path = AlamofireRequest.swift; sourceTree = "<group>"; };
		3681A6BF27D0CC7800F47997 /* WebViewController.swift */ = {isa = PBXFileReference; lastKnownFileType = sourcecode.swift; path = WebViewController.swift; sourceTree = "<group>"; };
		3681A6C127D0D66B00F47997 /* PickerViewController.swift */ = {isa = PBXFileReference; lastKnownFileType = sourcecode.swift; path = PickerViewController.swift; sourceTree = "<group>"; };
		3687C54427A2A7140051CB4C /* Inheritance.playground */ = {isa = PBXFileReference; lastKnownFileType = file.playground; path = Inheritance.playground; sourceTree = "<group>"; xcLanguageSpecificationIdentifier = xcode.lang.swift; };
		3687C54527A2A7550051CB4C /* Subscripts.playground */ = {isa = PBXFileReference; lastKnownFileType = file.playground; path = Subscripts.playground; sourceTree = "<group>"; xcLanguageSpecificationIdentifier = xcode.lang.swift; };
		3687C54627A2B9360051CB4C /* InitializationAndDeInitialization.playground */ = {isa = PBXFileReference; lastKnownFileType = file.playground; path = InitializationAndDeInitialization.playground; sourceTree = "<group>"; xcLanguageSpecificationIdentifier = xcode.lang.swift; };
		368A5CCF2806C7AC00712DF1 /* ArchitectureStoryBoard.storyboard */ = {isa = PBXFileReference; lastKnownFileType = file.storyboard; path = ArchitectureStoryBoard.storyboard; sourceTree = "<group>"; };
		368A5CD12806C7E700712DF1 /* ArchitectureViewController.swift */ = {isa = PBXFileReference; lastKnownFileType = sourcecode.swift; path = ArchitectureViewController.swift; sourceTree = "<group>"; };
		368A5CD32806C9AF00712DF1 /* ArchitectureCoordinator.swift */ = {isa = PBXFileReference; lastKnownFileType = sourcecode.swift; path = ArchitectureCoordinator.swift; sourceTree = "<group>"; };
		368A5CD52806CAC400712DF1 /* MVPStoryBoard.storyboard */ = {isa = PBXFileReference; lastKnownFileType = file.storyboard; path = MVPStoryBoard.storyboard; sourceTree = "<group>"; };
		368A5CDA2806CF5F00712DF1 /* MVVMStoryboard.storyboard */ = {isa = PBXFileReference; lastKnownFileType = file.storyboard; path = MVVMStoryboard.storyboard; sourceTree = "<group>"; };
		368A5CDC2806CFDA00712DF1 /* MVVMLoginViewController.swift */ = {isa = PBXFileReference; lastKnownFileType = sourcecode.swift; path = MVVMLoginViewController.swift; sourceTree = "<group>"; };
		368A5CDE2806D0A000712DF1 /* LoginViewModel.swift */ = {isa = PBXFileReference; lastKnownFileType = sourcecode.swift; path = LoginViewModel.swift; sourceTree = "<group>"; };
		368A5CE02806E1E500712DF1 /* UserDefault.swift */ = {isa = PBXFileReference; lastKnownFileType = sourcecode.swift; path = UserDefault.swift; sourceTree = "<group>"; };
		368BDFFE280E8D600089B7C5 /* Declaration.swift */ = {isa = PBXFileReference; lastKnownFileType = sourcecode.swift; path = Declaration.swift; sourceTree = "<group>"; };
		369A4BA0279FDB880095C69E /* CollectionType.playground */ = {isa = PBXFileReference; lastKnownFileType = file.playground; path = CollectionType.playground; sourceTree = "<group>"; xcLanguageSpecificationIdentifier = xcode.lang.swift; };
		369A4BA1279FDBC10095C69E /* Functions.playground */ = {isa = PBXFileReference; lastKnownFileType = file.playground; path = Functions.playground; sourceTree = "<group>"; xcLanguageSpecificationIdentifier = xcode.lang.swift; };
		369A4BA2279FDBF30095C69E /* Closures.playground */ = {isa = PBXFileReference; lastKnownFileType = file.playground; path = Closures.playground; sourceTree = "<group>"; xcLanguageSpecificationIdentifier = xcode.lang.swift; };
		369A4BA3279FDC2A0095C69E /* Enum.playground */ = {isa = PBXFileReference; lastKnownFileType = file.playground; path = Enum.playground; sourceTree = "<group>"; xcLanguageSpecificationIdentifier = xcode.lang.swift; };
		369A4BA4279FDC5D0095C69E /* ClassAndStructure.playground */ = {isa = PBXFileReference; lastKnownFileType = file.playground; path = ClassAndStructure.playground; sourceTree = "<group>"; xcLanguageSpecificationIdentifier = xcode.lang.swift; };
		369A4BA527A00FBB0095C69E /* Properties.playground */ = {isa = PBXFileReference; lastKnownFileType = file.playground; path = Properties.playground; sourceTree = "<group>"; xcLanguageSpecificationIdentifier = xcode.lang.swift; };
		369A4BA627A010020095C69E /* Methods.playground */ = {isa = PBXFileReference; lastKnownFileType = file.playground; path = Methods.playground; sourceTree = "<group>"; xcLanguageSpecificationIdentifier = xcode.lang.swift; };
		369CC09F27D747E200341901 /* CustomTextField.swift */ = {isa = PBXFileReference; lastKnownFileType = sourcecode.swift; path = CustomTextField.swift; sourceTree = "<group>"; };
		36AB7BA527CF64AF00545AF7 /* UIComponentsStoryboard.storyboard */ = {isa = PBXFileReference; fileEncoding = 4; lastKnownFileType = file.storyboard; path = UIComponentsStoryboard.storyboard; sourceTree = "<group>"; };
		36AB7BA927CF834500545AF7 /* TableViewController.swift */ = {isa = PBXFileReference; lastKnownFileType = sourcecode.swift; path = TableViewController.swift; sourceTree = "<group>"; };
		36AB854C2796F1CE00386388 /* Optionals.playground */ = {isa = PBXFileReference; lastKnownFileType = file.playground; path = Optionals.playground; sourceTree = "<group>"; xcLanguageSpecificationIdentifier = xcode.lang.swift; };
		36AB854D2796F22500386388 /* Dictionaries.playground */ = {isa = PBXFileReference; lastKnownFileType = file.playground; path = Dictionaries.playground; sourceTree = "<group>"; xcLanguageSpecificationIdentifier = xcode.lang.swift; };
		36B5C65B27DB218300C882A9 /* Navigation.storyboard */ = {isa = PBXFileReference; lastKnownFileType = file.storyboard; path = Navigation.storyboard; sourceTree = "<group>"; };
		36B5C65E27DB229600C882A9 /* MainCoordinator.swift */ = {isa = PBXFileReference; lastKnownFileType = sourcecode.swift; path = MainCoordinator.swift; sourceTree = "<group>"; };
		36B5C66027DB22A500C882A9 /* AppCoordinator.swift */ = {isa = PBXFileReference; lastKnownFileType = sourcecode.swift; path = AppCoordinator.swift; sourceTree = "<group>"; };
		36B5C66227DB22B100C882A9 /* Coordinator.swift */ = {isa = PBXFileReference; lastKnownFileType = sourcecode.swift; path = Coordinator.swift; sourceTree = "<group>"; };
		36B5C66427DB260C00C882A9 /* FirstViewController.swift */ = {isa = PBXFileReference; lastKnownFileType = sourcecode.swift; path = FirstViewController.swift; sourceTree = "<group>"; };
		36B5C66627DB263F00C882A9 /* FirstViewControllerCoordinator.swift */ = {isa = PBXFileReference; lastKnownFileType = sourcecode.swift; path = FirstViewControllerCoordinator.swift; sourceTree = "<group>"; };
		36B5C66827DB287900C882A9 /* SecondViewController.swift */ = {isa = PBXFileReference; lastKnownFileType = sourcecode.swift; path = SecondViewController.swift; sourceTree = "<group>"; };
		36B5C66A27DB28EB00C882A9 /*  SecondViewControllerCoordinator.swift */ = {isa = PBXFileReference; lastKnownFileType = sourcecode.swift; path = " SecondViewControllerCoordinator.swift"; sourceTree = "<group>"; };
		36B5C66C27DB357100C882A9 /* ThirdViewController.swift */ = {isa = PBXFileReference; lastKnownFileType = sourcecode.swift; path = ThirdViewController.swift; sourceTree = "<group>"; };
		36B5C66E27DB358400C882A9 /* ThirdViewControllerCoordinator.swift */ = {isa = PBXFileReference; lastKnownFileType = sourcecode.swift; path = ThirdViewControllerCoordinator.swift; sourceTree = "<group>"; };
		36B5C67027DB388E00C882A9 /* ForthViewController.swift */ = {isa = PBXFileReference; lastKnownFileType = sourcecode.swift; path = ForthViewController.swift; sourceTree = "<group>"; };
		36B5C67627DB453300C882A9 /* ForthViewControllerCoordinator.swift */ = {isa = PBXFileReference; lastKnownFileType = sourcecode.swift; path = ForthViewControllerCoordinator.swift; sourceTree = "<group>"; };
		36B5C67827DB47B800C882A9 /* FifthViewController.swift */ = {isa = PBXFileReference; lastKnownFileType = sourcecode.swift; path = FifthViewController.swift; sourceTree = "<group>"; };
		36B7E95D27F4132F00DDDB1F /* Storyboarded.swift */ = {isa = PBXFileReference; lastKnownFileType = sourcecode.swift; path = Storyboarded.swift; sourceTree = "<group>"; };
		36BE21BD27F30254007DCB7E /* RSSFeedViewController.swift */ = {isa = PBXFileReference; lastKnownFileType = sourcecode.swift; path = RSSFeedViewController.swift; sourceTree = "<group>"; };
		36BE21BF27F3141B007DCB7E /* RSSTableViewCell.swift */ = {isa = PBXFileReference; lastKnownFileType = sourcecode.swift; path = RSSTableViewCell.swift; sourceTree = "<group>"; };
		36BE21C027F3141B007DCB7E /* RSSTableViewCell.xib */ = {isa = PBXFileReference; lastKnownFileType = file.xib; path = RSSTableViewCell.xib; sourceTree = "<group>"; };
		36BE21C327F3210F007DCB7E /* RSSData.swift */ = {isa = PBXFileReference; lastKnownFileType = sourcecode.swift; path = RSSData.swift; sourceTree = "<group>"; };
		36CB6B8827CE54E500F33748 /* AllComponentsViewController.swift */ = {isa = PBXFileReference; lastKnownFileType = sourcecode.swift; path = AllComponentsViewController.swift; sourceTree = "<group>"; };
		36CB78E427D615FE00843FFE /* AboutiOS.pdf */ = {isa = PBXFileReference; lastKnownFileType = image.pdf; path = AboutiOS.pdf; sourceTree = "<group>"; };
		36CB78E727D61AC500843FFE /* Constants.swift */ = {isa = PBXFileReference; lastKnownFileType = sourcecode.swift; path = Constants.swift; sourceTree = "<group>"; };
		36CFFE53280559D9008267F3 /* MVCStoryboard.storyboard */ = {isa = PBXFileReference; lastKnownFileType = file.storyboard; path = MVCStoryboard.storyboard; sourceTree = "<group>"; };
		36CFFE55280559F7008267F3 /* MVCViewController.swift */ = {isa = PBXFileReference; lastKnownFileType = sourcecode.swift; path = MVCViewController.swift; sourceTree = "<group>"; };
		36CFFE5728055E8C008267F3 /* DataModel.swift */ = {isa = PBXFileReference; lastKnownFileType = sourcecode.swift; path = DataModel.swift; sourceTree = "<group>"; };
		36CFFE5E2805966C008267F3 /* LoginPresenter.swift */ = {isa = PBXFileReference; lastKnownFileType = sourcecode.swift; path = LoginPresenter.swift; sourceTree = "<group>"; };
		36CFFE602805972E008267F3 /* LoginViewController.swift */ = {isa = PBXFileReference; lastKnownFileType = sourcecode.swift; path = LoginViewController.swift; sourceTree = "<group>"; };
		36FBDF7E27CFC4DA00064433 /* CollectionViewController.swift */ = {isa = PBXFileReference; lastKnownFileType = sourcecode.swift; path = CollectionViewController.swift; sourceTree = "<group>"; };
		36FBDF8027CFC53000064433 /* MyCollectionViewCell.swift */ = {isa = PBXFileReference; lastKnownFileType = sourcecode.swift; path = MyCollectionViewCell.swift; sourceTree = "<group>"; };
		86DB2A32C31F296AA684323D /* Pods_iOSPracticals.framework */ = {isa = PBXFileReference; explicitFileType = wrapper.framework; includeInIndex = 0; path = Pods_iOSPracticals.framework; sourceTree = BUILT_PRODUCTS_DIR; };
		8713EADB26EEE4B45F1DF9E0 /* Pods-iOSPracticals.debug.xcconfig */ = {isa = PBXFileReference; includeInIndex = 1; lastKnownFileType = text.xcconfig; name = "Pods-iOSPracticals.debug.xcconfig"; path = "Target Support Files/Pods-iOSPracticals/Pods-iOSPracticals.debug.xcconfig"; sourceTree = "<group>"; };
		D11E881FD7DB6DB4AAF99168 /* Pods-iOSPracticals.release.xcconfig */ = {isa = PBXFileReference; includeInIndex = 1; lastKnownFileType = text.xcconfig; name = "Pods-iOSPracticals.release.xcconfig"; path = "Target Support Files/Pods-iOSPracticals/Pods-iOSPracticals.release.xcconfig"; sourceTree = "<group>"; };
/* End PBXFileReference section */

/* Begin PBXFrameworksBuildPhase section */
		3630760D278C619200818C8A /* Frameworks */ = {
			isa = PBXFrameworksBuildPhase;
			buildActionMask = 2147483647;
			files = (
				6BB9E87C20B150257CA7B16F /* Pods_iOSPracticals.framework in Frameworks */,
			);
			runOnlyForDeploymentPostprocessing = 0;
		};
/* End PBXFrameworksBuildPhase section */

/* Begin PBXGroup section */
		25366A06306DFC7EC1A4E2E7 /* Pods */ = {
			isa = PBXGroup;
			children = (
				8713EADB26EEE4B45F1DF9E0 /* Pods-iOSPracticals.debug.xcconfig */,
				D11E881FD7DB6DB4AAF99168 /* Pods-iOSPracticals.release.xcconfig */,
			);
			path = Pods;
			sourceTree = "<group>";
		};
		36307607278C619200818C8A = {
			isa = PBXGroup;
			children = (
				368A5CD72806CED500712DF1 /* MVVMArchitecture */,
				36CFFE5928059619008267F3 /* MVP Architecture */,
				36CFFE4F28055440008267F3 /* MVC Architecture */,
				3658DC4327F16D99008A733C /* Model Class */,
				36B5C65D27DB227D00C882A9 /* Coordinator */,
				369CC09E27D747BA00341901 /* CustomClass */,
				36CB78E627D61AAC00843FFE /* CommonFiles */,
				3655858827CF25DA00963987 /* Cell */,
				366DFBEE27C7C04B004E8B62 /* ViewControllers */,
				366DFBEB27C7BADE004E8B62 /* StoryBoards */,
				366CC22627959D6C00E53C07 /* SwiftPlayground */,
				369A4B9F279FD9210095C69E /* Advance SwiftPlayground */,
				36307612278C619200818C8A /* iOSPracticals */,
				36307611278C619200818C8A /* Products */,
				25366A06306DFC7EC1A4E2E7 /* Pods */,
				B5B46F11F3A79E25C9963E68 /* Frameworks */,
			);
			sourceTree = "<group>";
		};
		36307611278C619200818C8A /* Products */ = {
			isa = PBXGroup;
			children = (
				36307610278C619200818C8A /* iOSPracticals.app */,
			);
			name = Products;
			sourceTree = "<group>";
		};
		36307612278C619200818C8A /* iOSPracticals */ = {
			isa = PBXGroup;
			children = (
				36307613278C619200818C8A /* AppDelegate.swift */,
				36307615278C619200818C8A /* SceneDelegate.swift */,
				36307617278C619200818C8A /* ViewController.swift */,
				36307619278C619200818C8A /* Main.storyboard */,
				3630761C278C619400818C8A /* Assets.xcassets */,
				3630761E278C619400818C8A /* LaunchScreen.storyboard */,
				36307621278C619400818C8A /* Info.plist */,
				36CB78E427D615FE00843FFE /* AboutiOS.pdf */,
			);
			path = iOSPracticals;
			sourceTree = "<group>";
		};
		3655858827CF25DA00963987 /* Cell */ = {
			isa = PBXGroup;
			children = (
				3655858D27CF436E00963987 /* IndexTableViewCell.swift */,
				3655858E27CF436E00963987 /* IndexTableViewCell.xib */,
				36BE21BF27F3141B007DCB7E /* RSSTableViewCell.swift */,
				36BE21C027F3141B007DCB7E /* RSSTableViewCell.xib */,
			);
			path = Cell;
			sourceTree = "<group>";
		};
		3658DC4327F16D99008A733C /* Model Class */ = {
			isa = PBXGroup;
			children = (
				3658DC4427F16DF5008A733C /* UserLogin.swift */,
				3658DC4627F16EA4008A733C /* ListOfUser.swift */,
				3658DC4827F16F03008A733C /* SingleUser.swift */,
				36BE21C327F3210F007DCB7E /* RSSData.swift */,
			);
			path = "Model Class";
			sourceTree = "<group>";
		};
		366CC22627959D6C00E53C07 /* SwiftPlayground */ = {
			isa = PBXGroup;
			children = (
				366CC22727959DD800E53C07 /* Variables.playground */,
				366CC22927959E2500E53C07 /* Operators.playground */,
				366CC22A2795A4E500E53C07 /* Working_with_Text .playground */,
				366CC22B2795A51E00E53C07 /* Control_Flow.playground */,
				366CC22C2795A5A700E53C07 /* Arrays.playground */,
				36AB854C2796F1CE00386388 /* Optionals.playground */,
				36AB854D2796F22500386388 /* Dictionaries.playground */,
			);
			path = SwiftPlayground;
			sourceTree = "<group>";
		};
		366DFBEB27C7BADE004E8B62 /* StoryBoards */ = {
			isa = PBXGroup;
			children = (
				36AB7BA527CF64AF00545AF7 /* UIComponentsStoryboard.storyboard */,
				366DFBF327C7C2C5004E8B62 /* BasicAutoLayoutStoryBoard.storyboard */,
				36B5C65B27DB218300C882A9 /* Navigation.storyboard */,
				364969BC27ECA00200B869E0 /* APIStoryBoards.storyboard */,
				368A5CCF2806C7AC00712DF1 /* ArchitectureStoryBoard.storyboard */,
			);
			path = StoryBoards;
			sourceTree = "<group>";
		};
		366DFBEE27C7C04B004E8B62 /* ViewControllers */ = {
			isa = PBXGroup;
			children = (
				366DFBEF27C7C070004E8B62 /* LoginPageViewController.swift */,
				366DFBF127C7C080004E8B62 /* SignUpPageViewController.swift */,
				360EFA5227CE016600CA1146 /* PageViewController.swift */,
				360EFA5427CE02A100CA1146 /* UIComponentsSignUpViewController.swift */,
				360EFA5627CE02B700CA1146 /* UIComponentsLoginViewController.swift */,
				36CB6B8827CE54E500F33748 /* AllComponentsViewController.swift */,
				36AB7BA927CF834500545AF7 /* TableViewController.swift */,
				36FBDF7E27CFC4DA00064433 /* CollectionViewController.swift */,
				36FBDF8027CFC53000064433 /* MyCollectionViewCell.swift */,
				3681A6BF27D0CC7800F47997 /* WebViewController.swift */,
				3681A6C127D0D66B00F47997 /* PickerViewController.swift */,
				36610CD527D1FBDA0074F233 /* StackViewController.swift */,
				36B5C66427DB260C00C882A9 /* FirstViewController.swift */,
				36B5C66827DB287900C882A9 /* SecondViewController.swift */,
				36B5C66C27DB357100C882A9 /* ThirdViewController.swift */,
				36B5C67027DB388E00C882A9 /* ForthViewController.swift */,
				36B5C67827DB47B800C882A9 /* FifthViewController.swift */,
				364969BE27ECA11100B869E0 /* LoginScreenWithApiCallViewController.swift */,
				3678528F27ED73CF007FB900 /* TableViewWithApiCallViewController.swift */,
				3600335527EDF14700050F69 /* DisplaySingleUserDataViewController.swift */,
				36BE21BD27F30254007DCB7E /* RSSFeedViewController.swift */,
				368A5CD12806C7E700712DF1 /* ArchitectureViewController.swift */,
			);
			path = ViewControllers;
			sourceTree = "<group>";
		};
		368A5CD72806CED500712DF1 /* MVVMArchitecture */ = {
			isa = PBXGroup;
			children = (
				368A5CD92806CF2C00712DF1 /* ViewModel */,
				368A5CD82806CF0500712DF1 /* View */,
			);
			path = MVVMArchitecture;
			sourceTree = "<group>";
		};
		368A5CD82806CF0500712DF1 /* View */ = {
			isa = PBXGroup;
			children = (
				368A5CDA2806CF5F00712DF1 /* MVVMStoryboard.storyboard */,
				368A5CDC2806CFDA00712DF1 /* MVVMLoginViewController.swift */,
				3673403E2807FAC800359101 /* UserListViewController.swift */,
			);
			path = View;
			sourceTree = "<group>";
		};
		368A5CD92806CF2C00712DF1 /* ViewModel */ = {
			isa = PBXGroup;
			children = (
				368A5CDE2806D0A000712DF1 /* LoginViewModel.swift */,
				367340402807FBC500359101 /* UserListViewModel.swift */,
			);
			path = ViewModel;
			sourceTree = "<group>";
		};
		369A4B9F279FD9210095C69E /* Advance SwiftPlayground */ = {
			isa = PBXGroup;
			children = (
				369A4BA0279FDB880095C69E /* CollectionType.playground */,
				369A4BA1279FDBC10095C69E /* Functions.playground */,
				369A4BA2279FDBF30095C69E /* Closures.playground */,
				369A4BA3279FDC2A0095C69E /* Enum.playground */,
				369A4BA4279FDC5D0095C69E /* ClassAndStructure.playground */,
				369A4BA527A00FBB0095C69E /* Properties.playground */,
				369A4BA627A010020095C69E /* Methods.playground */,
				3687C54427A2A7140051CB4C /* Inheritance.playground */,
				3687C54527A2A7550051CB4C /* Subscripts.playground */,
				3687C54627A2B9360051CB4C /* InitializationAndDeInitialization.playground */,
				367BF46C27A3FF670048E913 /* ErrorHandlingAndExtensions.playground */,
				367BF46D27A400360048E913 /* ProtocolsAndGenerics.playground */,
			);
			path = "Advance SwiftPlayground";
			sourceTree = "<group>";
		};
		369CC09E27D747BA00341901 /* CustomClass */ = {
			isa = PBXGroup;
			children = (
				369CC09F27D747E200341901 /* CustomTextField.swift */,
			);
			path = CustomClass;
			sourceTree = "<group>";
		};
		36B5C65D27DB227D00C882A9 /* Coordinator */ = {
			isa = PBXGroup;
			children = (
				36B5C66227DB22B100C882A9 /* Coordinator.swift */,
				36B5C66027DB22A500C882A9 /* AppCoordinator.swift */,
				36B5C65E27DB229600C882A9 /* MainCoordinator.swift */,
				36B5C66627DB263F00C882A9 /* FirstViewControllerCoordinator.swift */,
				36B5C66A27DB28EB00C882A9 /*  SecondViewControllerCoordinator.swift */,
				36B5C66E27DB358400C882A9 /* ThirdViewControllerCoordinator.swift */,
				36B5C67627DB453300C882A9 /* ForthViewControllerCoordinator.swift */,
				364969C027ECA1DC00B869E0 /* AuthenticationCoordinator.swift */,
				368A5CD32806C9AF00712DF1 /* ArchitectureCoordinator.swift */,
			);
			path = Coordinator;
			sourceTree = "<group>";
		};
		36CB78E627D61AAC00843FFE /* CommonFiles */ = {
			isa = PBXGroup;
			children = (
				36276EB1281A884800E0DC3C /* KeyboardFunctions.swift */,
				36CB78E727D61AC500843FFE /* Constants.swift */,
				36B7E95D27F4132F00DDDB1F /* Storyboarded.swift */,
				3680CCA727F42A5F00B10C2C /* AlamofireRequest.swift */,
				368A5CE02806E1E500712DF1 /* UserDefault.swift */,
				367340422808165000359101 /* Alerts.swift */,
				368BDFFE280E8D600089B7C5 /* Declaration.swift */,
			);
			path = CommonFiles;
			sourceTree = "<group>";
		};
		36CFFE4F28055440008267F3 /* MVC Architecture */ = {
			isa = PBXGroup;
			children = (
				36CFFE522805547F008267F3 /* Controller */,
				36CFFE5128055475008267F3 /* View */,
				36CFFE502805546C008267F3 /* Model */,
			);
			path = "MVC Architecture";
			sourceTree = "<group>";
		};
		36CFFE502805546C008267F3 /* Model */ = {
			isa = PBXGroup;
			children = (
				36CFFE5728055E8C008267F3 /* DataModel.swift */,
			);
			path = Model;
			sourceTree = "<group>";
		};
		36CFFE5128055475008267F3 /* View */ = {
			isa = PBXGroup;
			children = (
				36CFFE53280559D9008267F3 /* MVCStoryboard.storyboard */,
			);
			path = View;
			sourceTree = "<group>";
		};
		36CFFE522805547F008267F3 /* Controller */ = {
			isa = PBXGroup;
			children = (
				36CFFE55280559F7008267F3 /* MVCViewController.swift */,
			);
			path = Controller;
			sourceTree = "<group>";
		};
		36CFFE5928059619008267F3 /* MVP Architecture */ = {
			isa = PBXGroup;
			children = (
				36CFFE5D2805965C008267F3 /* View */,
				36CFFE5C28059646008267F3 /* Presenter */,
			);
			path = "MVP Architecture";
			sourceTree = "<group>";
		};
		36CFFE5C28059646008267F3 /* Presenter */ = {
			isa = PBXGroup;
			children = (
				36CFFE5E2805966C008267F3 /* LoginPresenter.swift */,
			);
			path = Presenter;
			sourceTree = "<group>";
		};
		36CFFE5D2805965C008267F3 /* View */ = {
			isa = PBXGroup;
			children = (
				36CFFE602805972E008267F3 /* LoginViewController.swift */,
				368A5CD52806CAC400712DF1 /* MVPStoryBoard.storyboard */,
			);
			path = View;
			sourceTree = "<group>";
		};
		B5B46F11F3A79E25C9963E68 /* Frameworks */ = {
			isa = PBXGroup;
			children = (
				86DB2A32C31F296AA684323D /* Pods_iOSPracticals.framework */,
			);
			name = Frameworks;
			sourceTree = "<group>";
		};
/* End PBXGroup section */

/* Begin PBXNativeTarget section */
		3630760F278C619200818C8A /* iOSPracticals */ = {
			isa = PBXNativeTarget;
			buildConfigurationList = 36307624278C619400818C8A /* Build configuration list for PBXNativeTarget "iOSPracticals" */;
			buildPhases = (
				D2DA9DE72AC496D7CCAFC484 /* [CP] Check Pods Manifest.lock */,
				3630760C278C619200818C8A /* Sources */,
				3630760D278C619200818C8A /* Frameworks */,
				3630760E278C619200818C8A /* Resources */,
				0A997627D916235E21920E1D /* [CP] Embed Pods Frameworks */,
			);
			buildRules = (
			);
			dependencies = (
			);
			name = iOSPracticals;
			productName = iOSPracticals;
			productReference = 36307610278C619200818C8A /* iOSPracticals.app */;
			productType = "com.apple.product-type.application";
		};
/* End PBXNativeTarget section */

/* Begin PBXProject section */
		36307608278C619200818C8A /* Project object */ = {
			isa = PBXProject;
			attributes = {
				BuildIndependentTargetsInParallel = 1;
				LastSwiftUpdateCheck = 1310;
				LastUpgradeCheck = 1310;
				TargetAttributes = {
					3630760F278C619200818C8A = {
						CreatedOnToolsVersion = 13.1;
					};
				};
			};
			buildConfigurationList = 3630760B278C619200818C8A /* Build configuration list for PBXProject "iOSPracticals" */;
			compatibilityVersion = "Xcode 13.0";
			developmentRegion = en;
			hasScannedForEncodings = 0;
			knownRegions = (
				en,
				Base,
			);
			mainGroup = 36307607278C619200818C8A;
			productRefGroup = 36307611278C619200818C8A /* Products */;
			projectDirPath = "";
			projectRoot = "";
			targets = (
				3630760F278C619200818C8A /* iOSPracticals */,
			);
		};
/* End PBXProject section */

/* Begin PBXResourcesBuildPhase section */
		3630760E278C619200818C8A /* Resources */ = {
			isa = PBXResourcesBuildPhase;
			buildActionMask = 2147483647;
			files = (
				36307620278C619400818C8A /* LaunchScreen.storyboard in Resources */,
				36AB7BA627CF64B000545AF7 /* UIComponentsStoryboard.storyboard in Resources */,
				366DFBF427C7C2C5004E8B62 /* BasicAutoLayoutStoryBoard.storyboard in Resources */,
				3655859027CF436E00963987 /* IndexTableViewCell.xib in Resources */,
				364969BD27ECA00200B869E0 /* APIStoryBoards.storyboard in Resources */,
				36B5C65C27DB218300C882A9 /* Navigation.storyboard in Resources */,
				36CFFE54280559D9008267F3 /* MVCStoryboard.storyboard in Resources */,
				368A5CD62806CAC400712DF1 /* MVPStoryBoard.storyboard in Resources */,
				36CB78E527D615FE00843FFE /* AboutiOS.pdf in Resources */,
				368A5CD02806C7AC00712DF1 /* ArchitectureStoryBoard.storyboard in Resources */,
				3630761D278C619400818C8A /* Assets.xcassets in Resources */,
				368A5CDB2806CF5F00712DF1 /* MVVMStoryboard.storyboard in Resources */,
				36BE21C227F3141B007DCB7E /* RSSTableViewCell.xib in Resources */,
				3630761B278C619200818C8A /* Main.storyboard in Resources */,
			);
			runOnlyForDeploymentPostprocessing = 0;
		};
/* End PBXResourcesBuildPhase section */

/* Begin PBXShellScriptBuildPhase section */
		0A997627D916235E21920E1D /* [CP] Embed Pods Frameworks */ = {
			isa = PBXShellScriptBuildPhase;
			buildActionMask = 2147483647;
			files = (
			);
			inputFileListPaths = (
				"${PODS_ROOT}/Target Support Files/Pods-iOSPracticals/Pods-iOSPracticals-frameworks-${CONFIGURATION}-input-files.xcfilelist",
			);
			name = "[CP] Embed Pods Frameworks";
			outputFileListPaths = (
				"${PODS_ROOT}/Target Support Files/Pods-iOSPracticals/Pods-iOSPracticals-frameworks-${CONFIGURATION}-output-files.xcfilelist",
			);
			runOnlyForDeploymentPostprocessing = 0;
			shellPath = /bin/sh;
			shellScript = "\"${PODS_ROOT}/Target Support Files/Pods-iOSPracticals/Pods-iOSPracticals-frameworks.sh\"\n";
			showEnvVarsInLog = 0;
		};
		D2DA9DE72AC496D7CCAFC484 /* [CP] Check Pods Manifest.lock */ = {
			isa = PBXShellScriptBuildPhase;
			buildActionMask = 2147483647;
			files = (
			);
			inputFileListPaths = (
			);
			inputPaths = (
				"${PODS_PODFILE_DIR_PATH}/Podfile.lock",
				"${PODS_ROOT}/Manifest.lock",
			);
			name = "[CP] Check Pods Manifest.lock";
			outputFileListPaths = (
			);
			outputPaths = (
				"$(DERIVED_FILE_DIR)/Pods-iOSPracticals-checkManifestLockResult.txt",
			);
			runOnlyForDeploymentPostprocessing = 0;
			shellPath = /bin/sh;
			shellScript = "diff \"${PODS_PODFILE_DIR_PATH}/Podfile.lock\" \"${PODS_ROOT}/Manifest.lock\" > /dev/null\nif [ $? != 0 ] ; then\n    # print error to STDERR\n    echo \"error: The sandbox is not in sync with the Podfile.lock. Run 'pod install' or update your CocoaPods installation.\" >&2\n    exit 1\nfi\n# This output is used by Xcode 'outputs' to avoid re-running this script phase.\necho \"SUCCESS\" > \"${SCRIPT_OUTPUT_FILE_0}\"\n";
			showEnvVarsInLog = 0;
		};
/* End PBXShellScriptBuildPhase section */

/* Begin PBXSourcesBuildPhase section */
		3630760C278C619200818C8A /* Sources */ = {
			isa = PBXSourcesBuildPhase;
			buildActionMask = 2147483647;
			files = (
				36B5C67927DB47B800C882A9 /* FifthViewController.swift in Sources */,
				36B5C66927DB287900C882A9 /* SecondViewController.swift in Sources */,
				3681A6C227D0D66B00F47997 /* PickerViewController.swift in Sources */,
				36CB78E827D61AC500843FFE /* Constants.swift in Sources */,
				36FBDF7F27CFC4DA00064433 /* CollectionViewController.swift in Sources */,
				36307618278C619200818C8A /* ViewController.swift in Sources */,
				366DFBF027C7C070004E8B62 /* LoginPageViewController.swift in Sources */,
				368A5CDD2806CFDA00712DF1 /* MVVMLoginViewController.swift in Sources */,
				36307614278C619200818C8A /* AppDelegate.swift in Sources */,
				3658DC4727F16EA4008A733C /* ListOfUser.swift in Sources */,
				360EFA5327CE016600CA1146 /* PageViewController.swift in Sources */,
				360EFA5727CE02B700CA1146 /* UIComponentsLoginViewController.swift in Sources */,
				36B5C66727DB263F00C882A9 /* FirstViewControllerCoordinator.swift in Sources */,
				364969BF27ECA11100B869E0 /* LoginScreenWithApiCallViewController.swift in Sources */,
				36CFFE5828055E8C008267F3 /* DataModel.swift in Sources */,
				3658DC4927F16F04008A733C /* SingleUser.swift in Sources */,
				367340432808165000359101 /* Alerts.swift in Sources */,
				36B5C67127DB388E00C882A9 /* ForthViewController.swift in Sources */,
				36B5C67727DB453300C882A9 /* ForthViewControllerCoordinator.swift in Sources */,
				36CB6B8927CE54E500F33748 /* AllComponentsViewController.swift in Sources */,
				36CFFE56280559F7008267F3 /* MVCViewController.swift in Sources */,
				36AB7BAA27CF834500545AF7 /* TableViewController.swift in Sources */,
				3673403F2807FAC800359101 /* UserListViewController.swift in Sources */,
				3678529027ED73CF007FB900 /* TableViewWithApiCallViewController.swift in Sources */,
				36B5C66D27DB357100C882A9 /* ThirdViewController.swift in Sources */,
				36610CD627D1FBDA0074F233 /* StackViewController.swift in Sources */,
				36FBDF8127CFC53000064433 /* MyCollectionViewCell.swift in Sources */,
				367340412807FBC500359101 /* UserListViewModel.swift in Sources */,
				36276EB2281A884800E0DC3C /* KeyboardFunctions.swift in Sources */,
				368A5CD22806C7E700712DF1 /* ArchitectureViewController.swift in Sources */,
				36B5C66127DB22A500C882A9 /* AppCoordinator.swift in Sources */,
				3655858F27CF436E00963987 /* IndexTableViewCell.swift in Sources */,
				36CFFE612805972E008267F3 /* LoginViewController.swift in Sources */,
				36B5C66B27DB28EB00C882A9 /*  SecondViewControllerCoordinator.swift in Sources */,
				36B5C66F27DB358400C882A9 /* ThirdViewControllerCoordinator.swift in Sources */,
				36307616278C619200818C8A /* SceneDelegate.swift in Sources */,
				368A5CD42806C9AF00712DF1 /* ArchitectureCoordinator.swift in Sources */,
				36B5C65F27DB229600C882A9 /* MainCoordinator.swift in Sources */,
				36BE21BE27F30254007DCB7E /* RSSFeedViewController.swift in Sources */,
				3681A6C027D0CC7800F47997 /* WebViewController.swift in Sources */,
				368A5CE12806E1E500712DF1 /* UserDefault.swift in Sources */,
				369CC0A027D747E200341901 /* CustomTextField.swift in Sources */,
				360EFA5527CE02A100CA1146 /* UIComponentsSignUpViewController.swift in Sources */,
				368A5CDF2806D0A000712DF1 /* LoginViewModel.swift in Sources */,
				366DFBF227C7C080004E8B62 /* SignUpPageViewController.swift in Sources */,
				368BDFFF280E8D600089B7C5 /* Declaration.swift in Sources */,
				3680CCA827F42A5F00B10C2C /* AlamofireRequest.swift in Sources */,
				36BE21C427F3210F007DCB7E /* RSSData.swift in Sources */,
				3600335627EDF14700050F69 /* DisplaySingleUserDataViewController.swift in Sources */,
				3658DC4527F16DF5008A733C /* UserLogin.swift in Sources */,
				36CFFE5F2805966C008267F3 /* LoginPresenter.swift in Sources */,
				36BE21C127F3141B007DCB7E /* RSSTableViewCell.swift in Sources */,
				36B5C66327DB22B100C882A9 /* Coordinator.swift in Sources */,
				364969C127ECA1DC00B869E0 /* AuthenticationCoordinator.swift in Sources */,
				36B5C66527DB260C00C882A9 /* FirstViewController.swift in Sources */,
				36B7E95E27F4132F00DDDB1F /* Storyboarded.swift in Sources */,
			);
			runOnlyForDeploymentPostprocessing = 0;
		};
/* End PBXSourcesBuildPhase section */

/* Begin PBXVariantGroup section */
		36307619278C619200818C8A /* Main.storyboard */ = {
			isa = PBXVariantGroup;
			children = (
				3630761A278C619200818C8A /* Base */,
			);
			name = Main.storyboard;
			sourceTree = "<group>";
		};
		3630761E278C619400818C8A /* LaunchScreen.storyboard */ = {
			isa = PBXVariantGroup;
			children = (
				3630761F278C619400818C8A /* Base */,
			);
			name = LaunchScreen.storyboard;
			sourceTree = "<group>";
		};
/* End PBXVariantGroup section */

/* Begin XCBuildConfiguration section */
		36307622278C619400818C8A /* Debug */ = {
			isa = XCBuildConfiguration;
			buildSettings = {
				ALWAYS_SEARCH_USER_PATHS = NO;
				CLANG_ANALYZER_NONNULL = YES;
				CLANG_ANALYZER_NUMBER_OBJECT_CONVERSION = YES_AGGRESSIVE;
				CLANG_CXX_LANGUAGE_STANDARD = "gnu++17";
				CLANG_CXX_LIBRARY = "libc++";
				CLANG_ENABLE_MODULES = YES;
				CLANG_ENABLE_OBJC_ARC = YES;
				CLANG_ENABLE_OBJC_WEAK = YES;
				CLANG_WARN_BLOCK_CAPTURE_AUTORELEASING = YES;
				CLANG_WARN_BOOL_CONVERSION = YES;
				CLANG_WARN_COMMA = YES;
				CLANG_WARN_CONSTANT_CONVERSION = YES;
				CLANG_WARN_DEPRECATED_OBJC_IMPLEMENTATIONS = YES;
				CLANG_WARN_DIRECT_OBJC_ISA_USAGE = YES_ERROR;
				CLANG_WARN_DOCUMENTATION_COMMENTS = YES;
				CLANG_WARN_EMPTY_BODY = YES;
				CLANG_WARN_ENUM_CONVERSION = YES;
				CLANG_WARN_INFINITE_RECURSION = YES;
				CLANG_WARN_INT_CONVERSION = YES;
				CLANG_WARN_NON_LITERAL_NULL_CONVERSION = YES;
				CLANG_WARN_OBJC_IMPLICIT_RETAIN_SELF = YES;
				CLANG_WARN_OBJC_LITERAL_CONVERSION = YES;
				CLANG_WARN_OBJC_ROOT_CLASS = YES_ERROR;
				CLANG_WARN_QUOTED_INCLUDE_IN_FRAMEWORK_HEADER = YES;
				CLANG_WARN_RANGE_LOOP_ANALYSIS = YES;
				CLANG_WARN_STRICT_PROTOTYPES = YES;
				CLANG_WARN_SUSPICIOUS_MOVE = YES;
				CLANG_WARN_UNGUARDED_AVAILABILITY = YES_AGGRESSIVE;
				CLANG_WARN_UNREACHABLE_CODE = YES;
				CLANG_WARN__DUPLICATE_METHOD_MATCH = YES;
				COPY_PHASE_STRIP = NO;
				DEBUG_INFORMATION_FORMAT = dwarf;
				ENABLE_STRICT_OBJC_MSGSEND = YES;
				ENABLE_TESTABILITY = YES;
				GCC_C_LANGUAGE_STANDARD = gnu11;
				GCC_DYNAMIC_NO_PIC = NO;
				GCC_NO_COMMON_BLOCKS = YES;
				GCC_OPTIMIZATION_LEVEL = 0;
				GCC_PREPROCESSOR_DEFINITIONS = (
					"DEBUG=1",
					"$(inherited)",
				);
				GCC_WARN_64_TO_32_BIT_CONVERSION = YES;
				GCC_WARN_ABOUT_RETURN_TYPE = YES_ERROR;
				GCC_WARN_UNDECLARED_SELECTOR = YES;
				GCC_WARN_UNINITIALIZED_AUTOS = YES_AGGRESSIVE;
				GCC_WARN_UNUSED_FUNCTION = YES;
				GCC_WARN_UNUSED_VARIABLE = YES;
				IPHONEOS_DEPLOYMENT_TARGET = 15.0;
				MTL_ENABLE_DEBUG_INFO = INCLUDE_SOURCE;
				MTL_FAST_MATH = YES;
				ONLY_ACTIVE_ARCH = YES;
				SDKROOT = iphoneos;
				SWIFT_ACTIVE_COMPILATION_CONDITIONS = DEBUG;
				SWIFT_OPTIMIZATION_LEVEL = "-Onone";
			};
			name = Debug;
		};
		36307623278C619400818C8A /* Release */ = {
			isa = XCBuildConfiguration;
			buildSettings = {
				ALWAYS_SEARCH_USER_PATHS = NO;
				CLANG_ANALYZER_NONNULL = YES;
				CLANG_ANALYZER_NUMBER_OBJECT_CONVERSION = YES_AGGRESSIVE;
				CLANG_CXX_LANGUAGE_STANDARD = "gnu++17";
				CLANG_CXX_LIBRARY = "libc++";
				CLANG_ENABLE_MODULES = YES;
				CLANG_ENABLE_OBJC_ARC = YES;
				CLANG_ENABLE_OBJC_WEAK = YES;
				CLANG_WARN_BLOCK_CAPTURE_AUTORELEASING = YES;
				CLANG_WARN_BOOL_CONVERSION = YES;
				CLANG_WARN_COMMA = YES;
				CLANG_WARN_CONSTANT_CONVERSION = YES;
				CLANG_WARN_DEPRECATED_OBJC_IMPLEMENTATIONS = YES;
				CLANG_WARN_DIRECT_OBJC_ISA_USAGE = YES_ERROR;
				CLANG_WARN_DOCUMENTATION_COMMENTS = YES;
				CLANG_WARN_EMPTY_BODY = YES;
				CLANG_WARN_ENUM_CONVERSION = YES;
				CLANG_WARN_INFINITE_RECURSION = YES;
				CLANG_WARN_INT_CONVERSION = YES;
				CLANG_WARN_NON_LITERAL_NULL_CONVERSION = YES;
				CLANG_WARN_OBJC_IMPLICIT_RETAIN_SELF = YES;
				CLANG_WARN_OBJC_LITERAL_CONVERSION = YES;
				CLANG_WARN_OBJC_ROOT_CLASS = YES_ERROR;
				CLANG_WARN_QUOTED_INCLUDE_IN_FRAMEWORK_HEADER = YES;
				CLANG_WARN_RANGE_LOOP_ANALYSIS = YES;
				CLANG_WARN_STRICT_PROTOTYPES = YES;
				CLANG_WARN_SUSPICIOUS_MOVE = YES;
				CLANG_WARN_UNGUARDED_AVAILABILITY = YES_AGGRESSIVE;
				CLANG_WARN_UNREACHABLE_CODE = YES;
				CLANG_WARN__DUPLICATE_METHOD_MATCH = YES;
				COPY_PHASE_STRIP = NO;
				DEBUG_INFORMATION_FORMAT = "dwarf-with-dsym";
				ENABLE_NS_ASSERTIONS = NO;
				ENABLE_STRICT_OBJC_MSGSEND = YES;
				GCC_C_LANGUAGE_STANDARD = gnu11;
				GCC_NO_COMMON_BLOCKS = YES;
				GCC_WARN_64_TO_32_BIT_CONVERSION = YES;
				GCC_WARN_ABOUT_RETURN_TYPE = YES_ERROR;
				GCC_WARN_UNDECLARED_SELECTOR = YES;
				GCC_WARN_UNINITIALIZED_AUTOS = YES_AGGRESSIVE;
				GCC_WARN_UNUSED_FUNCTION = YES;
				GCC_WARN_UNUSED_VARIABLE = YES;
				IPHONEOS_DEPLOYMENT_TARGET = 15.0;
				MTL_ENABLE_DEBUG_INFO = NO;
				MTL_FAST_MATH = YES;
				SDKROOT = iphoneos;
				SWIFT_COMPILATION_MODE = wholemodule;
				SWIFT_OPTIMIZATION_LEVEL = "-O";
				VALIDATE_PRODUCT = YES;
			};
			name = Release;
		};
		36307625278C619400818C8A /* Debug */ = {
			isa = XCBuildConfiguration;
			baseConfigurationReference = 8713EADB26EEE4B45F1DF9E0 /* Pods-iOSPracticals.debug.xcconfig */;
			buildSettings = {
				ASSETCATALOG_COMPILER_APPICON_NAME = AppIcon;
				ASSETCATALOG_COMPILER_GLOBAL_ACCENT_COLOR_NAME = AccentColor;
				CODE_SIGN_STYLE = Automatic;
				CURRENT_PROJECT_VERSION = 1;
				GENERATE_INFOPLIST_FILE = YES;
				INFOPLIST_FILE = iOSPracticals/Info.plist;
				INFOPLIST_KEY_UIApplicationSupportsIndirectInputEvents = YES;
				INFOPLIST_KEY_UILaunchStoryboardName = LaunchScreen;
				INFOPLIST_KEY_UIMainStoryboardFile = Main;
				INFOPLIST_KEY_UISupportedInterfaceOrientations_iPad = "UIInterfaceOrientationPortrait UIInterfaceOrientationPortraitUpsideDown UIInterfaceOrientationLandscapeLeft UIInterfaceOrientationLandscapeRight";
				INFOPLIST_KEY_UISupportedInterfaceOrientations_iPhone = "UIInterfaceOrientationPortrait UIInterfaceOrientationLandscapeLeft UIInterfaceOrientationLandscapeRight";
				LD_RUNPATH_SEARCH_PATHS = (
					"$(inherited)",
					"@executable_path/Frameworks",
				);
				MARKETING_VERSION = 1.0;
				PRODUCT_BUNDLE_IDENTIFIER = com.example.iOSPracticals;
				PRODUCT_NAME = "$(TARGET_NAME)";
				SWIFT_EMIT_LOC_STRINGS = YES;
				SWIFT_VERSION = 5.0;
				TARGETED_DEVICE_FAMILY = "1,2";
			};
			name = Debug;
		};
		36307626278C619400818C8A /* Release */ = {
			isa = XCBuildConfiguration;
			baseConfigurationReference = D11E881FD7DB6DB4AAF99168 /* Pods-iOSPracticals.release.xcconfig */;
			buildSettings = {
				ASSETCATALOG_COMPILER_APPICON_NAME = AppIcon;
				ASSETCATALOG_COMPILER_GLOBAL_ACCENT_COLOR_NAME = AccentColor;
				CODE_SIGN_STYLE = Automatic;
				CURRENT_PROJECT_VERSION = 1;
				GENERATE_INFOPLIST_FILE = YES;
				INFOPLIST_FILE = iOSPracticals/Info.plist;
				INFOPLIST_KEY_UIApplicationSupportsIndirectInputEvents = YES;
				INFOPLIST_KEY_UILaunchStoryboardName = LaunchScreen;
				INFOPLIST_KEY_UIMainStoryboardFile = Main;
				INFOPLIST_KEY_UISupportedInterfaceOrientations_iPad = "UIInterfaceOrientationPortrait UIInterfaceOrientationPortraitUpsideDown UIInterfaceOrientationLandscapeLeft UIInterfaceOrientationLandscapeRight";
				INFOPLIST_KEY_UISupportedInterfaceOrientations_iPhone = "UIInterfaceOrientationPortrait UIInterfaceOrientationLandscapeLeft UIInterfaceOrientationLandscapeRight";
				LD_RUNPATH_SEARCH_PATHS = (
					"$(inherited)",
					"@executable_path/Frameworks",
				);
				MARKETING_VERSION = 1.0;
				PRODUCT_BUNDLE_IDENTIFIER = com.example.iOSPracticals;
				PRODUCT_NAME = "$(TARGET_NAME)";
				SWIFT_EMIT_LOC_STRINGS = YES;
				SWIFT_VERSION = 5.0;
				TARGETED_DEVICE_FAMILY = "1,2";
			};
			name = Release;
		};
/* End XCBuildConfiguration section */

/* Begin XCConfigurationList section */
		3630760B278C619200818C8A /* Build configuration list for PBXProject "iOSPracticals" */ = {
			isa = XCConfigurationList;
			buildConfigurations = (
				36307622278C619400818C8A /* Debug */,
				36307623278C619400818C8A /* Release */,
			);
			defaultConfigurationIsVisible = 0;
			defaultConfigurationName = Release;
		};
		36307624278C619400818C8A /* Build configuration list for PBXNativeTarget "iOSPracticals" */ = {
			isa = XCConfigurationList;
			buildConfigurations = (
				36307625278C619400818C8A /* Debug */,
				36307626278C619400818C8A /* Release */,
			);
			defaultConfigurationIsVisible = 0;
			defaultConfigurationName = Release;
		};
/* End XCConfigurationList section */
	};
	rootObject = 36307608278C619200818C8A /* Project object */;
}
